
Microsoft Visual Studio Solution File, Format Version 12.00
# Visual Studio Version 16
VisualStudioVersion = 25.0.1703.0
MinimumVisualStudioVersion = 10.0.40219.1
Project("{FAE04EC0-301F-11D3-BF4B-00C04F79EFBC}") = "healthstatusfunction", "healthstatusfunction.csproj", "{D2FB0A9A-504C-4D73-A16B-070232853211}"
EndProject
Global
	GlobalSection(SolutionConfigurationPlatforms) = preSolution
		Debug|Any CPU = Debug|Any CPU
		Release|Any CPU = Release|Any CPU
	EndGlobalSection
	GlobalSection(ProjectConfigurationPlatforms) = postSolution
		{D2FB0A9A-504C-4D73-A16B-070232853211}.Debug|Any CPU.ActiveCfg = Debug|Any CPU
		{D2FB0A9A-504C-4D73-A16B-070232853211}.Debug|Any CPU.Build.0 = Debug|Any CPU
		{D2FB0A9A-504C-4D73-A16B-070232853211}.Release|Any CPU.ActiveCfg = Release|Any CPU
		{D2FB0A9A-504C-4D73-A16B-070232853211}.Release|Any CPU.Build.0 = Release|Any CPU
	EndGlobalSection
	GlobalSection(SolutionProperties) = preSolution
		HideSolutionNode = FALSE
	EndGlobalSection
	GlobalSection(ExtensibilityGlobals) = postSolution
		SolutionGuid = {E4AFD867-63C1-4994-9525-24E079AD48E5}
	EndGlobalSection
EndGlobal
